{
  "name": "securefilecrypt",
  "lockfileVersion": 3,
  "requires": true,
  "packages": {
    "": {
      "name": "securefilecrypt",
      "dependencies": {
        "@uswriting/exiftool": "^1.0.9",
        "argon2-browser": "1.18.0",
        "exifr": "^7.1.3",
        "fflate": "^0.8.3"
      }
    },
    "node_modules/@6over3/zeroperl-ts": {
      "version": "1.0.10",
      "resolved": "https://registry.npmjs.org/@6over3/zeroperl-ts/-/zeroperl-ts-1.0.10.tgz",
      "integrity": "sha512-d7fBgN1UaP9BR6kZMyNsjIrxPd0QLqqx29VSprhK66m1csm/7E/anr+rEfp3gJDSne5FfDpM6aKtDGHyXG/vYQ==",
      "license": "Apache-2.0"
    },
    "node_modules/@uswriting/exiftool": {
      "version": "1.0.9",
      "resolved": "https://registry.npmjs.org/@uswriting/exiftool/-/exiftool-1.0.9.tgz",
      "integrity": "sha512-tziE5oH/Wf4gJ/g/ZVGBxCjnoHz27SxXRZ4KoFa4c0qN/6uBfvBFEQ272dq7LxbzhXkvGqHdmDyNJe/WUZCV5A==",
      "license": "Apache-2.0",
      "dependencies": {
        "@6over3/zeroperl-ts": "1.0.10"
      }
    },
    "node_modules/argon2-browser": {
      "version": "1.18.0",
      "resolved": "https://registry.npmjs.org/argon2-browser/-/argon2-browser-1.18.0.tgz",
      "integrity": "sha512-ImVAGIItnFnvET1exhsQB7apRztcoC5TnlSqernMJDUjbc/DLq3UEYeXFrLPrlaIl8cVfwnXb6wX2KpFf2zxHw==",
      "license": "MIT"
    },
    "node_modules/exifr": {
      "version": "7.1.3",
      "resolved": "https://registry.npmjs.org/exifr/-/exifr-7.1.3.tgz",
      "integrity": "sha512-g/aje2noHivrRSLbAUtBPWFbxKdKhgj/xr1vATDdUXPOFYJlQ62Ft0oy+72V6XLIpDJfHs6gXLbBLAolqOXYRw==",
      "license": "MIT"
    },
    "node_modules/fflate": {
      "version": "0.8.3",
      "resolved": "https://registry.npmjs.org/fflate/-/fflate-0.8.3.tgz",
      "integrity": "sha512-tbZNuJrLwGUp3zshBtdy4W+ORxZuIh8a5ilyIEQDC5rY1f3U20JMry0Ll3WBzU58EZKsEuJFXhb5gwv8CsPvgA==",
      "license": "MIT"
    }
  }
}
